
Microsoft Visual Studio Solution File, Format Version 12.00
# Visual Studio Version 16
VisualStudioVersion = 16.0.28917.181
MinimumVisualStudioVersion = 10.0.40219.1
Project("{FAE04EC0-301F-11D3-BF4B-00C04F79EFBC}") = "Odev2", "Odev2\Odev2.csproj", "{8412EBCE-D725-4059-9347-8C5AD9D22102}"
EndProject
Global
	GlobalSection(SolutionConfigurationPlatforms) = preSolution
		Debug|Any CPU = Debug|Any CPU
		Release|Any CPU = Release|Any CPU
	EndGlobalSection
	GlobalSection(ProjectConfigurationPlatforms) = postSolution
		{8412EBCE-D725-4059-9347-8C5AD9D22102}.Debug|Any CPU.ActiveCfg = Debug|Any CPU
		{8412EBCE-D725-4059-9347-8C5AD9D22102}.Debug|Any CPU.Build.0 = Debug|Any CPU
		{8412EBCE-D725-4059-9347-8C5AD9D22102}.Release|Any CPU.ActiveCfg = Release|Any CPU
		{8412EBCE-D725-4059-9347-8C5AD9D22102}.Release|Any CPU.Build.0 = Release|Any CPU
	EndGlobalSection
	GlobalSection(SolutionProperties) = preSolution
		HideSolutionNode = FALSE
	EndGlobalSection
	GlobalSection(ExtensibilityGlobals) = postSolution
		SolutionGuid = {4C4F330E-C9DB-478B-9437-1A6EEF9B84A2}
	EndGlobalSection
EndGlobal
